// !$*UTF8*$!
{
	archiveVersion = 1;
	classes = {
	};
	objectVersion = 56;
	objects = {

/* Begin PBXBuildFile section */
		7B2BBE102B0E35DD008FDF0A /* WidgetWeekDaysApp.swift in Sources */ = {isa = PBXBuildFile; fileRef = 7B2BBE0F2B0E35DD008FDF0A /* WidgetWeekDaysApp.swift */; };
		7B2BBE122B0E35DD008FDF0A /* ContentView.swift in Sources */ = {isa = PBXBuildFile; fileRef = 7B2BBE112B0E35DD008FDF0A /* ContentView.swift */; };
		7B2BBE142B0E35DF008FDF0A /* Assets.xcassets in Resources */ = {isa = PBXBuildFile; fileRef = 7B2BBE132B0E35DF008FDF0A /* Assets.xcassets */; };
		7B2BBE172B0E35DF008FDF0A /* Preview Assets.xcassets in Resources */ = {isa = PBXBuildFile; fileRef = 7B2BBE162B0E35DF008FDF0A /* Preview Assets.xcassets */; };
		7B2BBE242B0E3690008FDF0A /* WidgetKit.framework in Frameworks */ = {isa = PBXBuildFile; fileRef = 7B2BBE232B0E3690008FDF0A /* WidgetKit.framework */; };
		7B2BBE262B0E3690008FDF0A /* SwiftUI.framework in Frameworks */ = {isa = PBXBuildFile; fileRef = 7B2BBE252B0E3690008FDF0A /* SwiftUI.framework */; };
		7B2BBE292B0E3690008FDF0A /* WidgetShowDaysBundle.swift in Sources */ = {isa = PBXBuildFile; fileRef = 7B2BBE282B0E3690008FDF0A /* WidgetShowDaysBundle.swift */; };
		7B2BBE2B2B0E3690008FDF0A /* WidgetShowDaysLiveActivity.swift in Sources */ = {isa = PBXBuildFile; fileRef = 7B2BBE2A2B0E3690008FDF0A /* WidgetShowDaysLiveActivity.swift */; };
		7B2BBE2D2B0E3690008FDF0A /* WidgetShowDays.swift in Sources */ = {isa = PBXBuildFile; fileRef = 7B2BBE2C2B0E3690008FDF0A /* WidgetShowDays.swift */; };
		7B2BBE302B0E3692008FDF0A /* Assets.xcassets in Resources */ = {isa = PBXBuildFile; fileRef = 7B2BBE2F2B0E3692008FDF0A /* Assets.xcassets */; };
		7B2BBE322B0E3692008FDF0A /* WidgetShowDays.intentdefinition in Sources */ = {isa = PBXBuildFile; fileRef = 7B2BBE2E2B0E3690008FDF0A /* WidgetShowDays.intentdefinition */; };
		7B2BBE332B0E3692008FDF0A /* WidgetShowDays.intentdefinition in Sources */ = {isa = PBXBuildFile; fileRef = 7B2BBE2E2B0E3690008FDF0A /* WidgetShowDays.intentdefinition */; };
		7B2BBE362B0E3692008FDF0A /* WidgetShowDaysExtension.appex in Embed Foundation Extensions */ = {isa = PBXBuildFile; fileRef = 7B2BBE212B0E3690008FDF0A /* WidgetShowDaysExtension.appex */; settings = {ATTRIBUTES = (RemoveHeadersOnCopy, ); }; };
		7B2BBE3C2B0E3EA0008FDF0A /* WidgetShowDaysViewModel.swift in Sources */ = {isa = PBXBuildFile; fileRef = 7B2BBE3B2B0E3EA0008FDF0A /* WidgetShowDaysViewModel.swift */; };
		7B2BBE3D2B0E3EA0008FDF0A /* WidgetShowDaysViewModel.swift in Sources */ = {isa = PBXBuildFile; fileRef = 7B2BBE3B2B0E3EA0008FDF0A /* WidgetShowDaysViewModel.swift */; };
		7B2BBE4C2B0E74DA008FDF0A /* CitationsModel.swift in Sources */ = {isa = PBXBuildFile; fileRef = 7B2BBE4B2B0E74DA008FDF0A /* CitationsModel.swift */; };
		7B2BBE4D2B0E74DA008FDF0A /* CitationsModel.swift in Sources */ = {isa = PBXBuildFile; fileRef = 7B2BBE4B2B0E74DA008FDF0A /* CitationsModel.swift */; };
		7BB287242B0ED4DB0083C7D0 /* quotes.json in Resources */ = {isa = PBXBuildFile; fileRef = 7BB287232B0ED4DB0083C7D0 /* quotes.json */; };
		7BB287252B0ED4DB0083C7D0 /* quotes.json in Resources */ = {isa = PBXBuildFile; fileRef = 7BB287232B0ED4DB0083C7D0 /* quotes.json */; };
/* End PBXBuildFile section */

/* Begin PBXContainerItemProxy section */
		7B2BBE342B0E3692008FDF0A /* PBXContainerItemProxy */ = {
			isa = PBXContainerItemProxy;
			containerPortal = 7B2BBE042B0E35DD008FDF0A /* Project object */;
			proxyType = 1;
			remoteGlobalIDString = 7B2BBE202B0E3690008FDF0A;
			remoteInfo = WidgetShowDaysExtension;
		};
/* End PBXContainerItemProxy section */

/* Begin PBXCopyFilesBuildPhase section */
		7B2BBE3A2B0E3692008FDF0A /* Embed Foundation Extensions */ = {
			isa = PBXCopyFilesBuildPhase;
			buildActionMask = 2147483647;
			dstPath = "";
			dstSubfolderSpec = 13;
			files = (
				7B2BBE362B0E3692008FDF0A /* WidgetShowDaysExtension.appex in Embed Foundation Extensions */,
			);
			name = "Embed Foundation Extensions";
			runOnlyForDeploymentPostprocessing = 0;
		};
/* End PBXCopyFilesBuildPhase section */

/* Begin PBXFileReference section */
		7B2BBE0C2B0E35DD008FDF0A /* WidgetWeekDays.app */ = {isa = PBXFileReference; explicitFileType = wrapper.application; includeInIndex = 0; path = WidgetWeekDays.app; sourceTree = BUILT_PRODUCTS_DIR; };
		7B2BBE0F2B0E35DD008FDF0A /* WidgetWeekDaysApp.swift */ = {isa = PBXFileReference; lastKnownFileType = sourcecode.swift; path = WidgetWeekDaysApp.swift; sourceTree = "<group>"; };
		7B2BBE112B0E35DD008FDF0A /* ContentView.swift */ = {isa = PBXFileReference; lastKnownFileType = sourcecode.swift; path = ContentView.swift; sourceTree = "<group>"; };
		7B2BBE132B0E35DF008FDF0A /* Assets.xcassets */ = {isa = PBXFileReference; lastKnownFileType = folder.assetcatalog; path = Assets.xcassets; sourceTree = "<group>"; };
		7B2BBE162B0E35DF008FDF0A /* Preview Assets.xcassets */ = {isa = PBXFileReference; lastKnownFileType = folder.assetcatalog; path = "Preview Assets.xcassets"; sourceTree = "<group>"; };
		7B2BBE212B0E3690008FDF0A /* WidgetShowDaysExtension.appex */ = {isa = PBXFileReference; explicitFileType = "wrapper.app-extension"; includeInIndex = 0; path = WidgetShowDaysExtension.appex; sourceTree = BUILT_PRODUCTS_DIR; };
		7B2BBE232B0E3690008FDF0A /* WidgetKit.framework */ = {isa = PBXFileReference; lastKnownFileType = wrapper.framework; name = WidgetKit.framework; path = System/Library/Frameworks/WidgetKit.framework; sourceTree = SDKROOT; };
		7B2BBE252B0E3690008FDF0A /* SwiftUI.framework */ = {isa = PBXFileReference; lastKnownFileType = wrapper.framework; name = SwiftUI.framework; path = System/Library/Frameworks/SwiftUI.framework; sourceTree = SDKROOT; };
		7B2BBE282B0E3690008FDF0A /* WidgetShowDaysBundle.swift */ = {isa = PBXFileReference; lastKnownFileType = sourcecode.swift; path = WidgetShowDaysBundle.swift; sourceTree = "<group>"; };
		7B2BBE2A2B0E3690008FDF0A /* WidgetShowDaysLiveActivity.swift */ = {isa = PBXFileReference; lastKnownFileType = sourcecode.swift; path = WidgetShowDaysLiveActivity.swift; sourceTree = "<group>"; };
		7B2BBE2C2B0E3690008FDF0A /* WidgetShowDays.swift */ = {isa = PBXFileReference; lastKnownFileType = sourcecode.swift; path = WidgetShowDays.swift; sourceTree = "<group>"; };
		7B2BBE2E2B0E3690008FDF0A /* WidgetShowDays.intentdefinition */ = {isa = PBXFileReference; lastKnownFileType = file.intentdefinition; path = WidgetShowDays.intentdefinition; sourceTree = "<group>"; };
		7B2BBE2F2B0E3692008FDF0A /* Assets.xcassets */ = {isa = PBXFileReference; lastKnownFileType = folder.assetcatalog; path = Assets.xcassets; sourceTree = "<group>"; };
		7B2BBE312B0E3692008FDF0A /* Info.plist */ = {isa = PBXFileReference; lastKnownFileType = text.plist.xml; path = Info.plist; sourceTree = "<group>"; };
		7B2BBE3B2B0E3EA0008FDF0A /* WidgetShowDaysViewModel.swift */ = {isa = PBXFileReference; lastKnownFileType = sourcecode.swift; path = WidgetShowDaysViewModel.swift; sourceTree = "<group>"; };
		7B2BBE4B2B0E74DA008FDF0A /* CitationsModel.swift */ = {isa = PBXFileReference; lastKnownFileType = sourcecode.swift; path = CitationsModel.swift; sourceTree = "<group>"; };
		7BB287232B0ED4DB0083C7D0 /* quotes.json */ = {isa = PBXFileReference; lastKnownFileType = text.json; path = quotes.json; sourceTree = "<group>"; };
/* End PBXFileReference section */

/* Begin PBXFrameworksBuildPhase section */
		7B2BBE092B0E35DD008FDF0A /* Frameworks */ = {
			isa = PBXFrameworksBuildPhase;
			buildActionMask = 2147483647;
			files = (
			);
			runOnlyForDeploymentPostprocessing = 0;
		};
		7B2BBE1E2B0E3690008FDF0A /* Frameworks */ = {
			isa = PBXFrameworksBuildPhase;
			buildActionMask = 2147483647;
			files = (
				7B2BBE262B0E3690008FDF0A /* SwiftUI.framework in Frameworks */,
				7B2BBE242B0E3690008FDF0A /* WidgetKit.framework in Frameworks */,
			);
			runOnlyForDeploymentPostprocessing = 0;
		};
/* End PBXFrameworksBuildPhase section */

/* Begin PBXGroup section */
		7B2BBE032B0E35DD008FDF0A = {
			isa = PBXGroup;
			children = (
				7B2BBE0E2B0E35DD008FDF0A /* WidgetWeekDays */,
				7B2BBE272B0E3690008FDF0A /* WidgetShowDays */,
				7B2BBE222B0E3690008FDF0A /* Frameworks */,
				7B2BBE0D2B0E35DD008FDF0A /* Products */,
			);
			sourceTree = "<group>";
		};
		7B2BBE0D2B0E35DD008FDF0A /* Products */ = {
			isa = PBXGroup;
			children = (
				7B2BBE0C2B0E35DD008FDF0A /* WidgetWeekDays.app */,
				7B2BBE212B0E3690008FDF0A /* WidgetShowDaysExtension.appex */,
			);
			name = Products;
			sourceTree = "<group>";
		};
		7B2BBE0E2B0E35DD008FDF0A /* WidgetWeekDays */ = {
			isa = PBXGroup;
			children = (
				7B2BBE0F2B0E35DD008FDF0A /* WidgetWeekDaysApp.swift */,
				7B2BBE112B0E35DD008FDF0A /* ContentView.swift */,
				7B2BBE132B0E35DF008FDF0A /* Assets.xcassets */,
				7B2BBE152B0E35DF008FDF0A /* Preview Content */,
			);
			path = WidgetWeekDays;
			sourceTree = "<group>";
		};
		7B2BBE152B0E35DF008FDF0A /* Preview Content */ = {
			isa = PBXGroup;
			children = (
				7B2BBE162B0E35DF008FDF0A /* Preview Assets.xcassets */,
			);
			path = "Preview Content";
			sourceTree = "<group>";
		};
		7B2BBE222B0E3690008FDF0A /* Frameworks */ = {
			isa = PBXGroup;
			children = (
				7B2BBE232B0E3690008FDF0A /* WidgetKit.framework */,
				7B2BBE252B0E3690008FDF0A /* SwiftUI.framework */,
			);
			name = Frameworks;
			sourceTree = "<group>";
		};
		7B2BBE272B0E3690008FDF0A /* WidgetShowDays */ = {
			isa = PBXGroup;
			children = (
				7B2BBE4A2B0E52D6008FDF0A /* Ressources */,
				7B2BBE492B0E52C1008FDF0A /* Views */,
				7B2BBE472B0E5285008FDF0A /* Model */,
				7B2BBE482B0E5294008FDF0A /* ViewModels */,
				7B2BBE2E2B0E3690008FDF0A /* WidgetShowDays.intentdefinition */,
				7B2BBE2F2B0E3692008FDF0A /* Assets.xcassets */,
				7B2BBE312B0E3692008FDF0A /* Info.plist */,
			);
			path = WidgetShowDays;
			sourceTree = "<group>";
		};
		7B2BBE472B0E5285008FDF0A /* Model */ = {
			isa = PBXGroup;
			children = (
				7B2BBE4B2B0E74DA008FDF0A /* CitationsModel.swift */,
			);
			path = Model;
			sourceTree = "<group>";
		};
		7B2BBE482B0E5294008FDF0A /* ViewModels */ = {
			isa = PBXGroup;
			children = (
				7B2BBE3B2B0E3EA0008FDF0A /* WidgetShowDaysViewModel.swift */,
			);
			path = ViewModels;
			sourceTree = "<group>";
		};
		7B2BBE492B0E52C1008FDF0A /* Views */ = {
			isa = PBXGroup;
			children = (
				7B2BBE282B0E3690008FDF0A /* WidgetShowDaysBundle.swift */,
				7B2BBE2A2B0E3690008FDF0A /* WidgetShowDaysLiveActivity.swift */,
				7B2BBE2C2B0E3690008FDF0A /* WidgetShowDays.swift */,
			);
			path = Views;
			sourceTree = "<group>";
		};
		7B2BBE4A2B0E52D6008FDF0A /* Ressources */ = {
			isa = PBXGroup;
			children = (
				7BB287232B0ED4DB0083C7D0 /* quotes.json */,
			);
			path = Ressources;
			sourceTree = "<group>";
		};
/* End PBXGroup section */

/* Begin PBXNativeTarget section */
		7B2BBE0B2B0E35DD008FDF0A /* WidgetWeekDays */ = {
			isa = PBXNativeTarget;
			buildConfigurationList = 7B2BBE1A2B0E35DF008FDF0A /* Build configuration list for PBXNativeTarget "WidgetWeekDays" */;
			buildPhases = (
				7B2BBE082B0E35DD008FDF0A /* Sources */,
				7B2BBE092B0E35DD008FDF0A /* Frameworks */,
				7B2BBE0A2B0E35DD008FDF0A /* Resources */,
				7B2BBE3A2B0E3692008FDF0A /* Embed Foundation Extensions */,
			);
			buildRules = (
			);
			dependencies = (
				7B2BBE352B0E3692008FDF0A /* PBXTargetDependency */,
			);
			name = WidgetWeekDays;
			productName = WidgetWeekDays;
			productReference = 7B2BBE0C2B0E35DD008FDF0A /* WidgetWeekDays.app */;
			productType = "com.apple.product-type.application";
		};
		7B2BBE202B0E3690008FDF0A /* WidgetShowDaysExtension */ = {
			isa = PBXNativeTarget;
			buildConfigurationList = 7B2BBE372B0E3692008FDF0A /* Build configuration list for PBXNativeTarget "WidgetShowDaysExtension" */;
			buildPhases = (
				7B2BBE1D2B0E3690008FDF0A /* Sources */,
				7B2BBE1E2B0E3690008FDF0A /* Frameworks */,
				7B2BBE1F2B0E3690008FDF0A /* Resources */,
			);
			buildRules = (
			);
			dependencies = (
			);
			name = WidgetShowDaysExtension;
			productName = WidgetShowDaysExtension;
			productReference = 7B2BBE212B0E3690008FDF0A /* WidgetShowDaysExtension.appex */;
			productType = "com.apple.product-type.app-extension";
		};
/* End PBXNativeTarget section */

/* Begin PBXProject section */
		7B2BBE042B0E35DD008FDF0A /* Project object */ = {
			isa = PBXProject;
			attributes = {
				BuildIndependentTargetsInParallel = 1;
				LastSwiftUpdateCheck = 1420;
				LastUpgradeCheck = 1420;
				TargetAttributes = {
					7B2BBE0B2B0E35DD008FDF0A = {
						CreatedOnToolsVersion = 14.2;
					};
					7B2BBE202B0E3690008FDF0A = {
						CreatedOnToolsVersion = 14.2;
					};
				};
			};
			buildConfigurationList = 7B2BBE072B0E35DD008FDF0A /* Build configuration list for PBXProject "WidgetWeekDays" */;
			compatibilityVersion = "Xcode 14.0";
			developmentRegion = en;
			hasScannedForEncodings = 0;
			knownRegions = (
				en,
				Base,
			);
			mainGroup = 7B2BBE032B0E35DD008FDF0A;
			productRefGroup = 7B2BBE0D2B0E35DD008FDF0A /* Products */;
			projectDirPath = "";
			projectRoot = "";
			targets = (
				7B2BBE0B2B0E35DD008FDF0A /* WidgetWeekDays */,
				7B2BBE202B0E3690008FDF0A /* WidgetShowDaysExtension */,
			);
		};
/* End PBXProject section */

/* Begin PBXResourcesBuildPhase section */
		7B2BBE0A2B0E35DD008FDF0A /* Resources */ = {
			isa = PBXResourcesBuildPhase;
			buildActionMask = 2147483647;
			files = (
				7B2BBE172B0E35DF008FDF0A /* Preview Assets.xcassets in Resources */,
				7BB287242B0ED4DB0083C7D0 /* quotes.json in Resources */,
				7B2BBE142B0E35DF008FDF0A /* Assets.xcassets in Resources */,
			);
			runOnlyForDeploymentPostprocessing = 0;
		};
		7B2BBE1F2B0E3690008FDF0A /* Resources */ = {
			isa = PBXResourcesBuildPhase;
			buildActionMask = 2147483647;
			files = (
				7B2BBE302B0E3692008FDF0A /* Assets.xcassets in Resources */,
				7BB287252B0ED4DB0083C7D0 /* quotes.json in Resources */,
			);
			runOnlyForDeploymentPostprocessing = 0;
		};
/* End PBXResourcesBuildPhase section */

/* Begin PBXSourcesBuildPhase section */
		7B2BBE082B0E35DD008FDF0A /* Sources */ = {
			isa = PBXSourcesBuildPhase;
			buildActionMask = 2147483647;
			files = (
				7B2BBE122B0E35DD008FDF0A /* ContentView.swift in Sources */,
				7B2BBE332B0E3692008FDF0A /* WidgetShowDays.intentdefinition in Sources */,
				7B2BBE3C2B0E3EA0008FDF0A /* WidgetShowDaysViewModel.swift in Sources */,
				7B2BBE102B0E35DD008FDF0A /* WidgetWeekDaysApp.swift in Sources */,
				7B2BBE4C2B0E74DA008FDF0A /* CitationsModel.swift in Sources */,
			);
			runOnlyForDeploymentPostprocessing = 0;
		};
		7B2BBE1D2B0E3690008FDF0A /* Sources */ = {
			isa = PBXSourcesBuildPhase;
			buildActionMask = 2147483647;
			files = (
				7B2BBE2D2B0E3690008FDF0A /* WidgetShowDays.swift in Sources */,
				7B2BBE2B2B0E3690008FDF0A /* WidgetShowDaysLiveActivity.swift in Sources */,
				7B2BBE3D2B0E3EA0008FDF0A /* WidgetShowDaysViewModel.swift in Sources */,
				7B2BBE322B0E3692008FDF0A /* WidgetShowDays.intentdefinition in Sources */,
				7B2BBE4D2B0E74DA008FDF0A /* CitationsModel.swift in Sources */,
				7B2BBE292B0E3690008FDF0A /* WidgetShowDaysBundle.swift in Sources */,
			);
			runOnlyForDeploymentPostprocessing = 0;
		};
/* End PBXSourcesBuildPhase section */

/* Begin PBXTargetDependency section */
		7B2BBE352B0E3692008FDF0A /* PBXTargetDependency */ = {
			isa = PBXTargetDependency;
			target = 7B2BBE202B0E3690008FDF0A /* WidgetShowDaysExtension */;
			targetProxy = 7B2BBE342B0E3692008FDF0A /* PBXContainerItemProxy */;
		};
/* End PBXTargetDependency section */

/* Begin XCBuildConfiguration section */
		7B2BBE182B0E35DF008FDF0A /* Debug */ = {
			isa = XCBuildConfiguration;
			buildSettings = {
				ALWAYS_SEARCH_USER_PATHS = NO;
				CLANG_ANALYZER_NONNULL = YES;
				CLANG_ANALYZER_NUMBER_OBJECT_CONVERSION = YES_AGGRESSIVE;
				CLANG_CXX_LANGUAGE_STANDARD = "gnu++20";
				CLANG_ENABLE_MODULES = YES;
				CLANG_ENABLE_OBJC_ARC = YES;
				CLANG_ENABLE_OBJC_WEAK = YES;
				CLANG_WARN_BLOCK_CAPTURE_AUTORELEASING = YES;
				CLANG_WARN_BOOL_CONVERSION = YES;
				CLANG_WARN_COMMA = YES;
				CLANG_WARN_CONSTANT_CONVERSION = YES;
				CLANG_WARN_DEPRECATED_OBJC_IMPLEMENTATIONS = YES;
				CLANG_WARN_DIRECT_OBJC_ISA_USAGE = YES_ERROR;
				CLANG_WARN_DOCUMENTATION_COMMENTS = YES;
				CLANG_WARN_EMPTY_BODY = YES;
				CLANG_WARN_ENUM_CONVERSION = YES;
				CLANG_WARN_INFINITE_RECURSION = YES;
				CLANG_WARN_INT_CONVERSION = YES;
				CLANG_WARN_NON_LITERAL_NULL_CONVERSION = YES;
				CLANG_WARN_OBJC_IMPLICIT_RETAIN_SELF = YES;
				CLANG_WARN_OBJC_LITERAL_CONVERSION = YES;
				CLANG_WARN_OBJC_ROOT_CLASS = YES_ERROR;
				CLANG_WARN_QUOTED_INCLUDE_IN_FRAMEWORK_HEADER = YES;
				CLANG_WARN_RANGE_LOOP_ANALYSIS = YES;
				CLANG_WARN_STRICT_PROTOTYPES = YES;
				CLANG_WARN_SUSPICIOUS_MOVE = YES;
				CLANG_WARN_UNGUARDED_AVAILABILITY = YES_AGGRESSIVE;
				CLANG_WARN_UNREACHABLE_CODE = YES;
				CLANG_WARN__DUPLICATE_METHOD_MATCH = YES;
				COPY_PHASE_STRIP = NO;
				DEBUG_INFORMATION_FORMAT = dwarf;
				ENABLE_STRICT_OBJC_MSGSEND = YES;
				ENABLE_TESTABILITY = YES;
				GCC_C_LANGUAGE_STANDARD = gnu11;
				GCC_DYNAMIC_NO_PIC = NO;
				GCC_NO_COMMON_BLOCKS = YES;
				GCC_OPTIMIZATION_LEVEL = 0;
				GCC_PREPROCESSOR_DEFINITIONS = (
					"DEBUG=1",
					"$(inherited)",
				);
				GCC_WARN_64_TO_32_BIT_CONVERSION = YES;
				GCC_WARN_ABOUT_RETURN_TYPE = YES_ERROR;
				GCC_WARN_UNDECLARED_SELECTOR = YES;
				GCC_WARN_UNINITIALIZED_AUTOS = YES_AGGRESSIVE;
				GCC_WARN_UNUSED_FUNCTION = YES;
				GCC_WARN_UNUSED_VARIABLE = YES;
				IPHONEOS_DEPLOYMENT_TARGET = 16.2;
				MTL_ENABLE_DEBUG_INFO = INCLUDE_SOURCE;
				MTL_FAST_MATH = YES;
				ONLY_ACTIVE_ARCH = YES;
				SDKROOT = iphoneos;
				SWIFT_ACTIVE_COMPILATION_CONDITIONS = DEBUG;
				SWIFT_OPTIMIZATION_LEVEL = "-Onone";
			};
			name = Debug;
		};
		7B2BBE192B0E35DF008FDF0A /* Release */ = {
			isa = XCBuildConfiguration;
			buildSettings = {
				ALWAYS_SEARCH_USER_PATHS = NO;
				CLANG_ANALYZER_NONNULL = YES;
				CLANG_ANALYZER_NUMBER_OBJECT_CONVERSION = YES_AGGRESSIVE;
				CLANG_CXX_LANGUAGE_STANDARD = "gnu++20";
				CLANG_ENABLE_MODULES = YES;
				CLANG_ENABLE_OBJC_ARC = YES;
				CLANG_ENABLE_OBJC_WEAK = YES;
				CLANG_WARN_BLOCK_CAPTURE_AUTORELEASING = YES;
				CLANG_WARN_BOOL_CONVERSION = YES;
				CLANG_WARN_COMMA = YES;
				CLANG_WARN_CONSTANT_CONVERSION = YES;
				CLANG_WARN_DEPRECATED_OBJC_IMPLEMENTATIONS = YES;
				CLANG_WARN_DIRECT_OBJC_ISA_USAGE = YES_ERROR;
				CLANG_WARN_DOCUMENTATION_COMMENTS = YES;
				CLANG_WARN_EMPTY_BODY = YES;
				CLANG_WARN_ENUM_CONVERSION = YES;
				CLANG_WARN_INFINITE_RECURSION = YES;
				CLANG_WARN_INT_CONVERSION = YES;
				CLANG_WARN_NON_LITERAL_NULL_CONVERSION = YES;
				CLANG_WARN_OBJC_IMPLICIT_RETAIN_SELF = YES;
				CLANG_WARN_OBJC_LITERAL_CONVERSION = YES;
				CLANG_WARN_OBJC_ROOT_CLASS = YES_ERROR;
				CLANG_WARN_QUOTED_INCLUDE_IN_FRAMEWORK_HEADER = YES;
				CLANG_WARN_RANGE_LOOP_ANALYSIS = YES;
				CLANG_WARN_STRICT_PROTOTYPES = YES;
				CLANG_WARN_SUSPICIOUS_MOVE = YES;
				CLANG_WARN_UNGUARDED_AVAILABILITY = YES_AGGRESSIVE;
				CLANG_WARN_UNREACHABLE_CODE = YES;
				CLANG_WARN__DUPLICATE_METHOD_MATCH = YES;
				COPY_PHASE_STRIP = NO;
				DEBUG_INFORMATION_FORMAT = "dwarf-with-dsym";
				ENABLE_NS_ASSERTIONS = NO;
				ENABLE_STRICT_OBJC_MSGSEND = YES;
				GCC_C_LANGUAGE_STANDARD = gnu11;
				GCC_NO_COMMON_BLOCKS = YES;
				GCC_WARN_64_TO_32_BIT_CONVERSION = YES;
				GCC_WARN_ABOUT_RETURN_TYPE = YES_ERROR;
				GCC_WARN_UNDECLARED_SELECTOR = YES;
				GCC_WARN_UNINITIALIZED_AUTOS = YES_AGGRESSIVE;
				GCC_WARN_UNUSED_FUNCTION = YES;
				GCC_WARN_UNUSED_VARIABLE = YES;
				IPHONEOS_DEPLOYMENT_TARGET = 16.2;
				MTL_ENABLE_DEBUG_INFO = NO;
				MTL_FAST_MATH = YES;
				SDKROOT = iphoneos;
				SWIFT_COMPILATION_MODE = wholemodule;
				SWIFT_OPTIMIZATION_LEVEL = "-O";
				VALIDATE_PRODUCT = YES;
			};
			name = Release;
		};
		7B2BBE1B2B0E35DF008FDF0A /* Debug */ = {
			isa = XCBuildConfiguration;
			buildSettings = {
				ALWAYS_EMBED_SWIFT_STANDARD_LIBRARIES = YES;
				ASSETCATALOG_COMPILER_APPICON_NAME = AppIcon;
				ASSETCATALOG_COMPILER_GLOBAL_ACCENT_COLOR_NAME = AccentColor;
				CODE_SIGN_STYLE = Automatic;
				CURRENT_PROJECT_VERSION = 1;
				DEVELOPMENT_ASSET_PATHS = "\"WidgetWeekDays/Preview Content\"";
				DEVELOPMENT_TEAM = GGSAC4842K;
				ENABLE_PREVIEWS = YES;
				GENERATE_INFOPLIST_FILE = YES;
				INFOPLIST_KEY_UIApplicationSceneManifest_Generation = YES;
				INFOPLIST_KEY_UIApplicationSupportsIndirectInputEvents = YES;
				INFOPLIST_KEY_UILaunchScreen_Generation = YES;
				INFOPLIST_KEY_UISupportedInterfaceOrientations_iPad = "UIInterfaceOrientationPortrait UIInterfaceOrientationPortraitUpsideDown UIInterfaceOrientationLandscapeLeft UIInterfaceOrientationLandscapeRight";
				INFOPLIST_KEY_UISupportedInterfaceOrientations_iPhone = "UIInterfaceOrientationPortrait UIInterfaceOrientationLandscapeLeft UIInterfaceOrientationLandscapeRight";
				LD_RUNPATH_SEARCH_PATHS = (
					"$(inherited)",
					"@executable_path/Frameworks",
				);
				MARKETING_VERSION = 1.0;
				PRODUCT_BUNDLE_IDENTIFIER = com.ameliepocchiolo.WidgetWeekDays;
				PRODUCT_NAME = "$(TARGET_NAME)";
				SWIFT_EMIT_LOC_STRINGS = YES;
				SWIFT_VERSION = 5.0;
				TARGETED_DEVICE_FAMILY = "1,2";
			};
			name = Debug;
		};
		7B2BBE1C2B0E35DF008FDF0A /* Release */ = {
			isa = XCBuildConfiguration;
			buildSettings = {
				ALWAYS_EMBED_SWIFT_STANDARD_LIBRARIES = YES;
				ASSETCATALOG_COMPILER_APPICON_NAME = AppIcon;
				ASSETCATALOG_COMPILER_GLOBAL_ACCENT_COLOR_NAME = AccentColor;
				CODE_SIGN_STYLE = Automatic;
				CURRENT_PROJECT_VERSION = 1;
				DEVELOPMENT_ASSET_PATHS = "\"WidgetWeekDays/Preview Content\"";
				DEVELOPMENT_TEAM = GGSAC4842K;
				ENABLE_PREVIEWS = YES;
				GENERATE_INFOPLIST_FILE = YES;
				INFOPLIST_KEY_UIApplicationSceneManifest_Generation = YES;
				INFOPLIST_KEY_UIApplicationSupportsIndirectInputEvents = YES;
				INFOPLIST_KEY_UILaunchScreen_Generation = YES;
				INFOPLIST_KEY_UISupportedInterfaceOrientations_iPad = "UIInterfaceOrientationPortrait UIInterfaceOrientationPortraitUpsideDown UIInterfaceOrientationLandscapeLeft UIInterfaceOrientationLandscapeRight";
				INFOPLIST_KEY_UISupportedInterfaceOrientations_iPhone = "UIInterfaceOrientationPortrait UIInterfaceOrientationLandscapeLeft UIInterfaceOrientationLandscapeRight";
				LD_RUNPATH_SEARCH_PATHS = (
					"$(inherited)",
					"@executable_path/Frameworks",
				);
				MARKETING_VERSION = 1.0;
				PRODUCT_BUNDLE_IDENTIFIER = com.ameliepocchiolo.WidgetWeekDays;
				PRODUCT_NAME = "$(TARGET_NAME)";
				SWIFT_EMIT_LOC_STRINGS = YES;
				SWIFT_VERSION = 5.0;
				TARGETED_DEVICE_FAMILY = "1,2";
			};
			name = Release;
		};
		7B2BBE382B0E3692008FDF0A /* Debug */ = {
			isa = XCBuildConfiguration;
			buildSettings = {
				ASSETCATALOG_COMPILER_GLOBAL_ACCENT_COLOR_NAME = AccentColor;
				ASSETCATALOG_COMPILER_WIDGET_BACKGROUND_COLOR_NAME = WidgetBackground;
				CODE_SIGN_STYLE = Automatic;
				CURRENT_PROJECT_VERSION = 1;
				DEVELOPMENT_TEAM = GGSAC4842K;
				GENERATE_INFOPLIST_FILE = YES;
				INFOPLIST_FILE = WidgetShowDays/Info.plist;
				INFOPLIST_KEY_CFBundleDisplayName = WidgetShowDays;
				INFOPLIST_KEY_NSHumanReadableCopyright = "";
				LD_RUNPATH_SEARCH_PATHS = (
					"$(inherited)",
					"@executable_path/Frameworks",
					"@executable_path/../../Frameworks",
				);
				MARKETING_VERSION = 1.0;
				PRODUCT_BUNDLE_IDENTIFIER = com.ameliepocchiolo.WidgetWeekDays.WidgetShowDays;
				PRODUCT_NAME = "$(TARGET_NAME)";
				SKIP_INSTALL = YES;
				SWIFT_EMIT_LOC_STRINGS = YES;
				SWIFT_VERSION = 5.0;
				TARGETED_DEVICE_FAMILY = "1,2";
			};
			name = Debug;
		};
		7B2BBE392B0E3692008FDF0A /* Release */ = {
			isa = XCBuildConfiguration;
			buildSettings = {
				ASSETCATALOG_COMPILER_GLOBAL_ACCENT_COLOR_NAME = AccentColor;
				ASSETCATALOG_COMPILER_WIDGET_BACKGROUND_COLOR_NAME = WidgetBackground;
				CODE_SIGN_STYLE = Automatic;
				CURRENT_PROJECT_VERSION = 1;
				DEVELOPMENT_TEAM = GGSAC4842K;
				GENERATE_INFOPLIST_FILE = YES;
				INFOPLIST_FILE = WidgetShowDays/Info.plist;
				INFOPLIST_KEY_CFBundleDisplayName = WidgetShowDays;
				INFOPLIST_KEY_NSHumanReadableCopyright = "";
				LD_RUNPATH_SEARCH_PATHS = (
					"$(inherited)",
					"@executable_path/Frameworks",
					"@executable_path/../../Frameworks",
				);
				MARKETING_VERSION = 1.0;
				PRODUCT_BUNDLE_IDENTIFIER = com.ameliepocchiolo.WidgetWeekDays.WidgetShowDays;
				PRODUCT_NAME = "$(TARGET_NAME)";
				SKIP_INSTALL = YES;
				SWIFT_EMIT_LOC_STRINGS = YES;
				SWIFT_VERSION = 5.0;
				TARGETED_DEVICE_FAMILY = "1,2";
			};
			name = Release;
		};
/* End XCBuildConfiguration section */

/* Begin XCConfigurationList section */
		7B2BBE072B0E35DD008FDF0A /* Build configuration list for PBXProject "WidgetWeekDays" */ = {
			isa = XCConfigurationList;
			buildConfigurations = (
				7B2BBE182B0E35DF008FDF0A /* Debug */,
				7B2BBE192B0E35DF008FDF0A /* Release */,
			);
			defaultConfigurationIsVisible = 0;
			defaultConfigurationName = Release;
		};
		7B2BBE1A2B0E35DF008FDF0A /* Build configuration list for PBXNativeTarget "WidgetWeekDays" */ = {
			isa = XCConfigurationList;
			buildConfigurations = (
				7B2BBE1B2B0E35DF008FDF0A /* Debug */,
				7B2BBE1C2B0E35DF008FDF0A /* Release */,
			);
			defaultConfigurationIsVisible = 0;
			defaultConfigurationName = Release;
		};
		7B2BBE372B0E3692008FDF0A /* Build configuration list for PBXNativeTarget "WidgetShowDaysExtension" */ = {
			isa = XCConfigurationList;
			buildConfigurations = (
				7B2BBE382B0E3692008FDF0A /* Debug */,
				7B2BBE392B0E3692008FDF0A /* Release */,
			);
			defaultConfigurationIsVisible = 0;
			defaultConfigurationName = Release;
		};
/* End XCConfigurationList section */
	};
	rootObject = 7B2BBE042B0E35DD008FDF0A /* Project object */;
}
